// !$*UTF8*$!
{
	archiveVersion = 1;
	classes = {
	};
	objectVersion = 50;
	objects = {

/* Begin PBXBuildFile section */
		B950D6A42525698E00A38501 /* AppDelegate.swift in Sources */ = {isa = PBXBuildFile; fileRef = B950D6A32525698E00A38501 /* AppDelegate.swift */; };
		B950D6A62525698E00A38501 /* SceneDelegate.swift in Sources */ = {isa = PBXBuildFile; fileRef = B950D6A52525698E00A38501 /* SceneDelegate.swift */; };
		B950D6A82525698E00A38501 /* ViewController.swift in Sources */ = {isa = PBXBuildFile; fileRef = B950D6A72525698E00A38501 /* ViewController.swift */; };
		B950D6AB2525698E00A38501 /* Main.storyboard in Resources */ = {isa = PBXBuildFile; fileRef = B950D6A92525698E00A38501 /* Main.storyboard */; };
		B950D6AD2525699000A38501 /* Assets.xcassets in Resources */ = {isa = PBXBuildFile; fileRef = B950D6AC2525699000A38501 /* Assets.xcassets */; };
		B950D6B02525699000A38501 /* LaunchScreen.storyboard in Resources */ = {isa = PBXBuildFile; fileRef = B950D6AE2525699000A38501 /* LaunchScreen.storyboard */; };
		B950D6BB2525699000A38501 /* ImageAITests.swift in Sources */ = {isa = PBXBuildFile; fileRef = B950D6BA2525699000A38501 /* ImageAITests.swift */; };
		B950D6C62525699000A38501 /* ImageAIUITests.swift in Sources */ = {isa = PBXBuildFile; fileRef = B950D6C52525699000A38501 /* ImageAIUITests.swift */; };
		B951BA0F2526A93F00B41B21 /* Resnet50.mlmodel in Sources */ = {isa = PBXBuildFile; fileRef = B951BA0E2526A93E00B41B21 /* Resnet50.mlmodel */; };
/* End PBXBuildFile section */

/* Begin PBXContainerItemProxy section */
		B950D6B72525699000A38501 /* PBXContainerItemProxy */ = {
			isa = PBXContainerItemProxy;
			containerPortal = B950D6982525698E00A38501 /* Project object */;
			proxyType = 1;
			remoteGlobalIDString = B950D69F2525698E00A38501;
			remoteInfo = ImageAI;
		};
		B950D6C22525699000A38501 /* PBXContainerItemProxy */ = {
			isa = PBXContainerItemProxy;
			containerPortal = B950D6982525698E00A38501 /* Project object */;
			proxyType = 1;
			remoteGlobalIDString = B950D69F2525698E00A38501;
			remoteInfo = ImageAI;
		};
/* End PBXContainerItemProxy section */

/* Begin PBXFileReference section */
		B950D6A02525698E00A38501 /* ImageAI.app */ = {isa = PBXFileReference; explicitFileType = wrapper.application; includeInIndex = 0; path = ImageAI.app; sourceTree = BUILT_PRODUCTS_DIR; };
		B950D6A32525698E00A38501 /* AppDelegate.swift */ = {isa = PBXFileReference; lastKnownFileType = sourcecode.swift; path = AppDelegate.swift; sourceTree = "<group>"; };
		B950D6A52525698E00A38501 /* SceneDelegate.swift */ = {isa = PBXFileReference; lastKnownFileType = sourcecode.swift; path = SceneDelegate.swift; sourceTree = "<group>"; };
		B950D6A72525698E00A38501 /* ViewController.swift */ = {isa = PBXFileReference; lastKnownFileType = sourcecode.swift; path = ViewController.swift; sourceTree = "<group>"; };
		B950D6AA2525698E00A38501 /* Base */ = {isa = PBXFileReference; lastKnownFileType = file.storyboard; name = Base; path = Base.lproj/Main.storyboard; sourceTree = "<group>"; };
		B950D6AC2525699000A38501 /* Assets.xcassets */ = {isa = PBXFileReference; lastKnownFileType = folder.assetcatalog; path = Assets.xcassets; sourceTree = "<group>"; };
		B950D6AF2525699000A38501 /* Base */ = {isa = PBXFileReference; lastKnownFileType = file.storyboard; name = Base; path = Base.lproj/LaunchScreen.storyboard; sourceTree = "<group>"; };
		B950D6B12525699000A38501 /* Info.plist */ = {isa = PBXFileReference; lastKnownFileType = text.plist.xml; path = Info.plist; sourceTree = "<group>"; };
		B950D6B62525699000A38501 /* ImageAITests.xctest */ = {isa = PBXFileReference; explicitFileType = wrapper.cfbundle; includeInIndex = 0; path = ImageAITests.xctest; sourceTree = BUILT_PRODUCTS_DIR; };
		B950D6BA2525699000A38501 /* ImageAITests.swift */ = {isa = PBXFileReference; lastKnownFileType = sourcecode.swift; path = ImageAITests.swift; sourceTree = "<group>"; };
		B950D6BC2525699000A38501 /* Info.plist */ = {isa = PBXFileReference; lastKnownFileType = text.plist.xml; path = Info.plist; sourceTree = "<group>"; };
		B950D6C12525699000A38501 /* ImageAIUITests.xctest */ = {isa = PBXFileReference; explicitFileType = wrapper.cfbundle; includeInIndex = 0; path = ImageAIUITests.xctest; sourceTree = BUILT_PRODUCTS_DIR; };
		B950D6C52525699000A38501 /* ImageAIUITests.swift */ = {isa = PBXFileReference; lastKnownFileType = sourcecode.swift; path = ImageAIUITests.swift; sourceTree = "<group>"; };
		B950D6C72525699000A38501 /* Info.plist */ = {isa = PBXFileReference; lastKnownFileType = text.plist.xml; path = Info.plist; sourceTree = "<group>"; };
		B951BA0E2526A93E00B41B21 /* Resnet50.mlmodel */ = {isa = PBXFileReference; lastKnownFileType = file.mlmodel; path = Resnet50.mlmodel; sourceTree = "<group>"; };
/* End PBXFileReference section */

/* Begin PBXFrameworksBuildPhase section */
		B950D69D2525698E00A38501 /* Frameworks */ = {
			isa = PBXFrameworksBuildPhase;
			buildActionMask = 2147483647;
			files = (
			);
			runOnlyForDeploymentPostprocessing = 0;
		};
		B950D6B32525699000A38501 /* Frameworks */ = {
			isa = PBXFrameworksBuildPhase;
			buildActionMask = 2147483647;
			files = (
			);
			runOnlyForDeploymentPostprocessing = 0;
		};
		B950D6BE2525699000A38501 /* Frameworks */ = {
			isa = PBXFrameworksBuildPhase;
			buildActionMask = 2147483647;
			files = (
			);
			runOnlyForDeploymentPostprocessing = 0;
		};
/* End PBXFrameworksBuildPhase section */

/* Begin PBXGroup section */
		B950D6972525698E00A38501 = {
			isa = PBXGroup;
			children = (
				B950D6A22525698E00A38501 /* ImageAI */,
				B950D6B92525699000A38501 /* ImageAITests */,
				B950D6C42525699000A38501 /* ImageAIUITests */,
				B950D6A12525698E00A38501 /* Products */,
			);
			sourceTree = "<group>";
		};
		B950D6A12525698E00A38501 /* Products */ = {
			isa = PBXGroup;
			children = (
				B950D6A02525698E00A38501 /* ImageAI.app */,
				B950D6B62525699000A38501 /* ImageAITests.xctest */,
				B950D6C12525699000A38501 /* ImageAIUITests.xctest */,
			);
			name = Products;
			sourceTree = "<group>";
		};
		B950D6A22525698E00A38501 /* ImageAI */ = {
			isa = PBXGroup;
			children = (
				B950D6A32525698E00A38501 /* AppDelegate.swift */,
				B950D6A52525698E00A38501 /* SceneDelegate.swift */,
				B950D6A72525698E00A38501 /* ViewController.swift */,
				B951BA0E2526A93E00B41B21 /* Resnet50.mlmodel */,
				B950D6A92525698E00A38501 /* Main.storyboard */,
				B950D6AC2525699000A38501 /* Assets.xcassets */,
				B950D6AE2525699000A38501 /* LaunchScreen.storyboard */,
				B950D6B12525699000A38501 /* Info.plist */,
			);
			path = ImageAI;
			sourceTree = "<group>";
		};
		B950D6B92525699000A38501 /* ImageAITests */ = {
			isa = PBXGroup;
			children = (
				B950D6BA2525699000A38501 /* ImageAITests.swift */,
				B950D6BC2525699000A38501 /* Info.plist */,
			);
			path = ImageAITests;
			sourceTree = "<group>";
		};
		B950D6C42525699000A38501 /* ImageAIUITests */ = {
			isa = PBXGroup;
			children = (
				B950D6C52525699000A38501 /* ImageAIUITests.swift */,
				B950D6C72525699000A38501 /* Info.plist */,
			);
			path = ImageAIUITests;
			sourceTree = "<group>";
		};
/* End PBXGroup section */

/* Begin PBXNativeTarget section */
		B950D69F2525698E00A38501 /* ImageAI */ = {
			isa = PBXNativeTarget;
			buildConfigurationList = B950D6CA2525699000A38501 /* Build configuration list for PBXNativeTarget "ImageAI" */;
			buildPhases = (
				B950D69C2525698E00A38501 /* Sources */,
				B950D69D2525698E00A38501 /* Frameworks */,
				B950D69E2525698E00A38501 /* Resources */,
			);
			buildRules = (
			);
			dependencies = (
			);
			name = ImageAI;
			productName = ImageAI;
			productReference = B950D6A02525698E00A38501 /* ImageAI.app */;
			productType = "com.apple.product-type.application";
		};
		B950D6B52525699000A38501 /* ImageAITests */ = {
			isa = PBXNativeTarget;
			buildConfigurationList = B950D6CD2525699000A38501 /* Build configuration list for PBXNativeTarget "ImageAITests" */;
			buildPhases = (
				B950D6B22525699000A38501 /* Sources */,
				B950D6B32525699000A38501 /* Frameworks */,
				B950D6B42525699000A38501 /* Resources */,
			);
			buildRules = (
			);
			dependencies = (
				B950D6B82525699000A38501 /* PBXTargetDependency */,
			);
			name = ImageAITests;
			productName = ImageAITests;
			productReference = B950D6B62525699000A38501 /* ImageAITests.xctest */;
			productType = "com.apple.product-type.bundle.unit-test";
		};
		B950D6C02525699000A38501 /* ImageAIUITests */ = {
			isa = PBXNativeTarget;
			buildConfigurationList = B950D6D02525699000A38501 /* Build configuration list for PBXNativeTarget "ImageAIUITests" */;
			buildPhases = (
				B950D6BD2525699000A38501 /* Sources */,
				B950D6BE2525699000A38501 /* Frameworks */,
				B950D6BF2525699000A38501 /* Resources */,
			);
			buildRules = (
			);
			dependencies = (
				B950D6C32525699000A38501 /* PBXTargetDependency */,
			);
			name = ImageAIUITests;
			productName = ImageAIUITests;
			productReference = B950D6C12525699000A38501 /* ImageAIUITests.xctest */;
			productType = "com.apple.product-type.bundle.ui-testing";
		};
/* End PBXNativeTarget section */

/* Begin PBXProject section */
		B950D6982525698E00A38501 /* Project object */ = {
			isa = PBXProject;
			attributes = {
				LastSwiftUpdateCheck = 1200;
				LastUpgradeCheck = 1200;
				TargetAttributes = {
					B950D69F2525698E00A38501 = {
						CreatedOnToolsVersion = 12.0.1;
					};
					B950D6B52525699000A38501 = {
						CreatedOnToolsVersion = 12.0.1;
						TestTargetID = B950D69F2525698E00A38501;
					};
					B950D6C02525699000A38501 = {
						CreatedOnToolsVersion = 12.0.1;
						TestTargetID = B950D69F2525698E00A38501;
					};
				};
			};
			buildConfigurationList = B950D69B2525698E00A38501 /* Build configuration list for PBXProject "ImageAI" */;
			compatibilityVersion = "Xcode 9.3";
			developmentRegion = en;
			hasScannedForEncodings = 0;
			knownRegions = (
				en,
				Base,
			);
			mainGroup = B950D6972525698E00A38501;
			productRefGroup = B950D6A12525698E00A38501 /* Products */;
			projectDirPath = "";
			projectRoot = "";
			targets = (
				B950D69F2525698E00A38501 /* ImageAI */,
				B950D6B52525699000A38501 /* ImageAITests */,
				B950D6C02525699000A38501 /* ImageAIUITests */,
			);
		};
/* End PBXProject section */

/* Begin PBXResourcesBuildPhase section */
		B950D69E2525698E00A38501 /* Resources */ = {
			isa = PBXResourcesBuildPhase;
			buildActionMask = 2147483647;
			files = (
				B950D6B02525699000A38501 /* LaunchScreen.storyboard in Resources */,
				B950D6AD2525699000A38501 /* Assets.xcassets in Resources */,
				B950D6AB2525698E00A38501 /* Main.storyboard in Resources */,
			);
			runOnlyForDeploymentPostprocessing = 0;
		};
		B950D6B42525699000A38501 /* Resources */ = {
			isa = PBXResourcesBuildPhase;
			buildActionMask = 2147483647;
			files = (
			);
			runOnlyForDeploymentPostprocessing = 0;
		};
		B950D6BF2525699000A38501 /* Resources */ = {
			isa = PBXResourcesBuildPhase;
			buildActionMask = 2147483647;
			files = (
			);
			runOnlyForDeploymentPostprocessing = 0;
		};
/* End PBXResourcesBuildPhase section */

/* Begin PBXSourcesBuildPhase section */
		B950D69C2525698E00A38501 /* Sources */ = {
			isa = PBXSourcesBuildPhase;
			buildActionMask = 2147483647;
			files = (
				B950D6A82525698E00A38501 /* ViewController.swift in Sources */,
				B950D6A42525698E00A38501 /* AppDelegate.swift in Sources */,
				B951BA0F2526A93F00B41B21 /* Resnet50.mlmodel in Sources */,
				B950D6A62525698E00A38501 /* SceneDelegate.swift in Sources */,
			);
			runOnlyForDeploymentPostprocessing = 0;
		};
		B950D6B22525699000A38501 /* Sources */ = {
			isa = PBXSourcesBuildPhase;
			buildActionMask = 2147483647;
			files = (
				B950D6BB2525699000A38501 /* ImageAITests.swift in Sources */,
			);
			runOnlyForDeploymentPostprocessing = 0;
		};
		B950D6BD2525699000A38501 /* Sources */ = {
			isa = PBXSourcesBuildPhase;
			buildActionMask = 2147483647;
			files = (
				B950D6C62525699000A38501 /* ImageAIUITests.swift in Sources */,
			);
			runOnlyForDeploymentPostprocessing = 0;
		};
/* End PBXSourcesBuildPhase section */

/* Begin PBXTargetDependency section */
		B950D6B82525699000A38501 /* PBXTargetDependency */ = {
			isa = PBXTargetDependency;
			target = B950D69F2525698E00A38501 /* ImageAI */;
			targetProxy = B950D6B72525699000A38501 /* PBXContainerItemProxy */;
		};
		B950D6C32525699000A38501 /* PBXTargetDependency */ = {
			isa = PBXTargetDependency;
			target = B950D69F2525698E00A38501 /* ImageAI */;
			targetProxy = B950D6C22525699000A38501 /* PBXContainerItemProxy */;
		};
/* End PBXTargetDependency section */

/* Begin PBXVariantGroup section */
		B950D6A92525698E00A38501 /* Main.storyboard */ = {
			isa = PBXVariantGroup;
			children = (
				B950D6AA2525698E00A38501 /* Base */,
			);
			name = Main.storyboard;
			sourceTree = "<group>";
		};
		B950D6AE2525699000A38501 /* LaunchScreen.storyboard */ = {
			isa = PBXVariantGroup;
			children = (
				B950D6AF2525699000A38501 /* Base */,
			);
			name = LaunchScreen.storyboard;
			sourceTree = "<group>";
		};
/* End PBXVariantGroup section */

/* Begin XCBuildConfiguration section */
		B950D6C82525699000A38501 /* Debug */ = {
			isa = XCBuildConfiguration;
			buildSettings = {
				ALWAYS_SEARCH_USER_PATHS = NO;
				CLANG_ANALYZER_NONNULL = YES;
				CLANG_ANALYZER_NUMBER_OBJECT_CONVERSION = YES_AGGRESSIVE;
				CLANG_CXX_LANGUAGE_STANDARD = "gnu++14";
				CLANG_CXX_LIBRARY = "libc++";
				CLANG_ENABLE_MODULES = YES;
				CLANG_ENABLE_OBJC_ARC = YES;
				CLANG_ENABLE_OBJC_WEAK = YES;
				CLANG_WARN_BLOCK_CAPTURE_AUTORELEASING = YES;
				CLANG_WARN_BOOL_CONVERSION = YES;
				CLANG_WARN_COMMA = YES;
				CLANG_WARN_CONSTANT_CONVERSION = YES;
				CLANG_WARN_DEPRECATED_OBJC_IMPLEMENTATIONS = YES;
				CLANG_WARN_DIRECT_OBJC_ISA_USAGE = YES_ERROR;
				CLANG_WARN_DOCUMENTATION_COMMENTS = YES;
				CLANG_WARN_EMPTY_BODY = YES;
				CLANG_WARN_ENUM_CONVERSION = YES;
				CLANG_WARN_INFINITE_RECURSION = YES;
				CLANG_WARN_INT_CONVERSION = YES;
				CLANG_WARN_NON_LITERAL_NULL_CONVERSION = YES;
				CLANG_WARN_OBJC_IMPLICIT_RETAIN_SELF = YES;
				CLANG_WARN_OBJC_LITERAL_CONVERSION = YES;
				CLANG_WARN_OBJC_ROOT_CLASS = YES_ERROR;
				CLANG_WARN_QUOTED_INCLUDE_IN_FRAMEWORK_HEADER = YES;
				CLANG_WARN_RANGE_LOOP_ANALYSIS = YES;
				CLANG_WARN_STRICT_PROTOTYPES = YES;
				CLANG_WARN_SUSPICIOUS_MOVE = YES;
				CLANG_WARN_UNGUARDED_AVAILABILITY = YES_AGGRESSIVE;
				CLANG_WARN_UNREACHABLE_CODE = YES;
				CLANG_WARN__DUPLICATE_METHOD_MATCH = YES;
				COPY_PHASE_STRIP = NO;
				DEBUG_INFORMATION_FORMAT = dwarf;
				ENABLE_STRICT_OBJC_MSGSEND = YES;
				ENABLE_TESTABILITY = YES;
				GCC_C_LANGUAGE_STANDARD = gnu11;
				GCC_DYNAMIC_NO_PIC = NO;
				GCC_NO_COMMON_BLOCKS = YES;
				GCC_OPTIMIZATION_LEVEL = 0;
				GCC_PREPROCESSOR_DEFINITIONS = (
					"DEBUG=1",
					"$(inherited)",
				);
				GCC_WARN_64_TO_32_BIT_CONVERSION = YES;
				GCC_WARN_ABOUT_RETURN_TYPE = YES_ERROR;
				GCC_WARN_UNDECLARED_SELECTOR = YES;
				GCC_WARN_UNINITIALIZED_AUTOS = YES_AGGRESSIVE;
				GCC_WARN_UNUSED_FUNCTION = YES;
				GCC_WARN_UNUSED_VARIABLE = YES;
				IPHONEOS_DEPLOYMENT_TARGET = 14.0;
				MTL_ENABLE_DEBUG_INFO = INCLUDE_SOURCE;
				MTL_FAST_MATH = YES;
				ONLY_ACTIVE_ARCH = YES;
				SDKROOT = iphoneos;
				SWIFT_ACTIVE_COMPILATION_CONDITIONS = DEBUG;
				SWIFT_OPTIMIZATION_LEVEL = "-Onone";
			};
			name = Debug;
		};
		B950D6C92525699000A38501 /* Release */ = {
			isa = XCBuildConfiguration;
			buildSettings = {
				ALWAYS_SEARCH_USER_PATHS = NO;
				CLANG_ANALYZER_NONNULL = YES;
				CLANG_ANALYZER_NUMBER_OBJECT_CONVERSION = YES_AGGRESSIVE;
				CLANG_CXX_LANGUAGE_STANDARD = "gnu++14";
				CLANG_CXX_LIBRARY = "libc++";
				CLANG_ENABLE_MODULES = YES;
				CLANG_ENABLE_OBJC_ARC = YES;
				CLANG_ENABLE_OBJC_WEAK = YES;
				CLANG_WARN_BLOCK_CAPTURE_AUTORELEASING = YES;
				CLANG_WARN_BOOL_CONVERSION = YES;
				CLANG_WARN_COMMA = YES;
				CLANG_WARN_CONSTANT_CONVERSION = YES;
				CLANG_WARN_DEPRECATED_OBJC_IMPLEMENTATIONS = YES;
				CLANG_WARN_DIRECT_OBJC_ISA_USAGE = YES_ERROR;
				CLANG_WARN_DOCUMENTATION_COMMENTS = YES;
				CLANG_WARN_EMPTY_BODY = YES;
				CLANG_WARN_ENUM_CONVERSION = YES;
				CLANG_WARN_INFINITE_RECURSION = YES;
				CLANG_WARN_INT_CONVERSION = YES;
				CLANG_WARN_NON_LITERAL_NULL_CONVERSION = YES;
				CLANG_WARN_OBJC_IMPLICIT_RETAIN_SELF = YES;
				CLANG_WARN_OBJC_LITERAL_CONVERSION = YES;
				CLANG_WARN_OBJC_ROOT_CLASS = YES_ERROR;
				CLANG_WARN_QUOTED_INCLUDE_IN_FRAMEWORK_HEADER = YES;
				CLANG_WARN_RANGE_LOOP_ANALYSIS = YES;
				CLANG_WARN_STRICT_PROTOTYPES = YES;
				CLANG_WARN_SUSPICIOUS_MOVE = YES;
				CLANG_WARN_UNGUARDED_AVAILABILITY = YES_AGGRESSIVE;
				CLANG_WARN_UNREACHABLE_CODE = YES;
				CLANG_WARN__DUPLICATE_METHOD_MATCH = YES;
				COPY_PHASE_STRIP = NO;
				DEBUG_INFORMATION_FORMAT = "dwarf-with-dsym";
				ENABLE_NS_ASSERTIONS = NO;
				ENABLE_STRICT_OBJC_MSGSEND = YES;
				GCC_C_LANGUAGE_STANDARD = gnu11;
				GCC_NO_COMMON_BLOCKS = YES;
				GCC_WARN_64_TO_32_BIT_CONVERSION = YES;
				GCC_WARN_ABOUT_RETURN_TYPE = YES_ERROR;
				GCC_WARN_UNDECLARED_SELECTOR = YES;
				GCC_WARN_UNINITIALIZED_AUTOS = YES_AGGRESSIVE;
				GCC_WARN_UNUSED_FUNCTION = YES;
				GCC_WARN_UNUSED_VARIABLE = YES;
				IPHONEOS_DEPLOYMENT_TARGET = 14.0;
				MTL_ENABLE_DEBUG_INFO = NO;
				MTL_FAST_MATH = YES;
				SDKROOT = iphoneos;
				SWIFT_COMPILATION_MODE = wholemodule;
				SWIFT_OPTIMIZATION_LEVEL = "-O";
				VALIDATE_PRODUCT = YES;
			};
			name = Release;
		};
		B950D6CB2525699000A38501 /* Debug */ = {
			isa = XCBuildConfiguration;
			buildSettings = {
				ASSETCATALOG_COMPILER_APPICON_NAME = AppIcon;
				ASSETCATALOG_COMPILER_GLOBAL_ACCENT_COLOR_NAME = AccentColor;
				CODE_SIGN_STYLE = Automatic;
				DEVELOPMENT_TEAM = 2MPDRN39P5;
				INFOPLIST_FILE = ImageAI/Info.plist;
				LD_RUNPATH_SEARCH_PATHS = (
					"$(inherited)",
					"@executable_path/Frameworks",
				);
				PRODUCT_BUNDLE_IDENTIFIER = "SHO-MITSUI202010091203.ImageAI";
				PRODUCT_NAME = "$(TARGET_NAME)";
				SWIFT_VERSION = 5.0;
				TARGETED_DEVICE_FAMILY = "1,2";
			};
			name = Debug;
		};
		B950D6CC2525699000A38501 /* Release */ = {
			isa = XCBuildConfiguration;
			buildSettings = {
				ASSETCATALOG_COMPILER_APPICON_NAME = AppIcon;
				ASSETCATALOG_COMPILER_GLOBAL_ACCENT_COLOR_NAME = AccentColor;
				CODE_SIGN_STYLE = Automatic;
				DEVELOPMENT_TEAM = 2MPDRN39P5;
				INFOPLIST_FILE = ImageAI/Info.plist;
				LD_RUNPATH_SEARCH_PATHS = (
					"$(inherited)",
					"@executable_path/Frameworks",
				);
				PRODUCT_BUNDLE_IDENTIFIER = "SHO-MITSUI202010091203.ImageAI";
				PRODUCT_NAME = "$(TARGET_NAME)";
				SWIFT_VERSION = 5.0;
				TARGETED_DEVICE_FAMILY = "1,2";
			};
			name = Release;
		};
		B950D6CE2525699000A38501 /* Debug */ = {
			isa = XCBuildConfiguration;
			buildSettings = {
				ALWAYS_EMBED_SWIFT_STANDARD_LIBRARIES = YES;
				BUNDLE_LOADER = "$(TEST_HOST)";
				CODE_SIGN_STYLE = Automatic;
				DEVELOPMENT_TEAM = BM7HCXM6S7;
				INFOPLIST_FILE = ImageAITests/Info.plist;
				IPHONEOS_DEPLOYMENT_TARGET = 14.0;
				LD_RUNPATH_SEARCH_PATHS = (
					"$(inherited)",
					"@executable_path/Frameworks",
					"@loader_path/Frameworks",
				);
				PRODUCT_BUNDLE_IDENTIFIER = "SHO-MITSUI.ImageAITests";
				PRODUCT_NAME = "$(TARGET_NAME)";
				SWIFT_VERSION = 5.0;
				TARGETED_DEVICE_FAMILY = "1,2";
				TEST_HOST = "$(BUILT_PRODUCTS_DIR)/ImageAI.app/ImageAI";
			};
			name = Debug;
		};
		B950D6CF2525699000A38501 /* Release */ = {
			isa = XCBuildConfiguration;
			buildSettings = {
				ALWAYS_EMBED_SWIFT_STANDARD_LIBRARIES = YES;
				BUNDLE_LOADER = "$(TEST_HOST)";
				CODE_SIGN_STYLE = Automatic;
				DEVELOPMENT_TEAM = BM7HCXM6S7;
				INFOPLIST_FILE = ImageAITests/Info.plist;
				IPHONEOS_DEPLOYMENT_TARGET = 14.0;
				LD_RUNPATH_SEARCH_PATHS = (
					"$(inherited)",
					"@executable_path/Frameworks",
					"@loader_path/Frameworks",
				);
				PRODUCT_BUNDLE_IDENTIFIER = "SHO-MITSUI.ImageAITests";
				PRODUCT_NAME = "$(TARGET_NAME)";
				SWIFT_VERSION = 5.0;
				TARGETED_DEVICE_FAMILY = "1,2";
				TEST_HOST = "$(BUILT_PRODUCTS_DIR)/ImageAI.app/ImageAI";
			};
			name = Release;
		};
		B950D6D12525699000A38501 /* Debug */ = {
			isa = XCBuildConfiguration;
			buildSettings = {
				ALWAYS_EMBED_SWIFT_STANDARD_LIBRARIES = YES;
				CODE_SIGN_STYLE = Automatic;
				DEVELOPMENT_TEAM = BM7HCXM6S7;
				INFOPLIST_FILE = ImageAIUITests/Info.plist;
				LD_RUNPATH_SEARCH_PATHS = (
					"$(inherited)",
					"@executable_path/Frameworks",
					"@loader_path/Frameworks",
				);
				PRODUCT_BUNDLE_IDENTIFIER = "SHO-MITSUI.ImageAIUITests";
				PRODUCT_NAME = "$(TARGET_NAME)";
				SWIFT_VERSION = 5.0;
				TARGETED_DEVICE_FAMILY = "1,2";
				TEST_TARGET_NAME = ImageAI;
			};
			name = Debug;
		};
		B950D6D22525699000A38501 /* Release */ = {
			isa = XCBuildConfiguration;
			buildSettings = {
				ALWAYS_EMBED_SWIFT_STANDARD_LIBRARIES = YES;
				CODE_SIGN_STYLE = Automatic;
				DEVELOPMENT_TEAM = BM7HCXM6S7;
				INFOPLIST_FILE = ImageAIUITests/Info.plist;
				LD_RUNPATH_SEARCH_PATHS = (
					"$(inherited)",
					"@executable_path/Frameworks",
					"@loader_path/Frameworks",
				);
				PRODUCT_BUNDLE_IDENTIFIER = "SHO-MITSUI.ImageAIUITests";
				PRODUCT_NAME = "$(TARGET_NAME)";
				SWIFT_VERSION = 5.0;
				TARGETED_DEVICE_FAMILY = "1,2";
				TEST_TARGET_NAME = ImageAI;
			};
			name = Release;
		};
/* End XCBuildConfiguration section */

/* Begin XCConfigurationList section */
		B950D69B2525698E00A38501 /* Build configuration list for PBXProject "ImageAI" */ = {
			isa = XCConfigurationList;
			buildConfigurations = (
				B950D6C82525699000A38501 /* Debug */,
				B950D6C92525699000A38501 /* Release */,
			);
			defaultConfigurationIsVisible = 0;
			defaultConfigurationName = Release;
		};
		B950D6CA2525699000A38501 /* Build configuration list for PBXNativeTarget "ImageAI" */ = {
			isa = XCConfigurationList;
			buildConfigurations = (
				B950D6CB2525699000A38501 /* Debug */,
				B950D6CC2525699000A38501 /* Release */,
			);
			defaultConfigurationIsVisible = 0;
			defaultConfigurationName = Release;
		};
		B950D6CD2525699000A38501 /* Build configuration list for PBXNativeTarget "ImageAITests" */ = {
			isa = XCConfigurationList;
			buildConfigurations = (
				B950D6CE2525699000A38501 /* Debug */,
				B950D6CF2525699000A38501 /* Release */,
			);
			defaultConfigurationIsVisible = 0;
			defaultConfigurationName = Release;
		};
		B950D6D02525699000A38501 /* Build configuration list for PBXNativeTarget "ImageAIUITests" */ = {
			isa = XCConfigurationList;
			buildConfigurations = (
				B950D6D12525699000A38501 /* Debug */,
				B950D6D22525699000A38501 /* Release */,
			);
			defaultConfigurationIsVisible = 0;
			defaultConfigurationName = Release;
		};
/* End XCConfigurationList section */
	};
	rootObject = B950D6982525698E00A38501 /* Project object */;
}
